{
    "_readme": [
        "This file locks the dependencies of your project to a known state",
        "Read more about it at https://getcomposer.org/doc/01-basic-usage.md#composer-lock-the-lock-file",
        "This file is @generated automatically"
    ],
    "hash": "dd3f4ca43021a14dd97f5b75f3ff3a04",
    "content-hash": "f2b4a48baaefcb7b7874c62d4bca799c",
    "packages": [
        {
            "name": "carlbennett/php-mvc",
            "version": "2.3.15",
            "source": {
                "type": "git",
                "url": "https://github.com/carlbennett/php-mvc.git",
                "reference": "fccbf634db328a7c4fb8c926e2479542ed78fc4d"
            },
            "dist": {
                "type": "zip",
                "url": "https://api.github.com/repos/carlbennett/php-mvc/zipball/fccbf634db328a7c4fb8c926e2479542ed78fc4d",
                "reference": "fccbf634db328a7c4fb8c926e2479542ed78fc4d",
                "shasum": ""
            },
            "require": {
                "ext-curl": "*",
                "ext-http": "*",
                "ext-json": "*",
                "ext-mbstring": "*",
                "ext-mcrypt": "*",
                "ext-memcached": "*",
                "ext-pdo": "*",
                "php-64bit": ">=5.5.0"
            },
            "suggest": {
                "ext-geoip": "*",
                "ext-gmp": "*"
            },
            "type": "library",
            "autoload": {
                "psr-4": {
                    "CarlBennett\\MVC\\Libraries\\": "src/libraries"
                }
            },
            "notification-url": "https://packagist.org/downloads/",
            "license": [
                "AGPL-3.0"
            ],
            "authors": [
                {
                    "name": "Carl Bennett",
                    "email": "carl@carlbennett.me"
                }
            ],
            "description": "A PHP micro-framework for use as a frontend and/or backend",
            "homepage": "https://github.com/carlbennett/php-mvc",
            "keywords": [
                "api",
                "backend",
                "cms",
                "content",
                "frontend",
                "management",
                "mvc",
                "php",
                "rest",
                "restful",
                "system"
            ],
            "time": "2018-10-23 22:34:50"
        }
    ],
    "packages-dev": [],
    "aliases": [],
    "minimum-stability": "stable",
    "stability-flags": [],
    "prefer-stable": false,
    "prefer-lowest": false,
    "platform": {
        "ext-curl": "*",
        "ext-geoip": "*",
        "ext-gmp": "*",
        "ext-http": "*",
        "ext-intl": "*",
        "ext-json": "*",
        "ext-mbstring": "*",
        "ext-mcrypt": "*",
        "ext-memcached": "*",
        "ext-pdo": "*",
        "php-64bit": ">=5.5.0"
    },
    "platform-dev": []
}
